
Microsoft Visual Studio Solution File, Format Version 12.00
# Visual Studio Version 17
VisualStudioVersion = 17.5.33502.453
MinimumVisualStudioVersion = 10.0.40219.1
Project("{FAE04EC0-301F-11D3-BF4B-00C04F79EFBC}") = "csharp-biblioteca", "csharp-biblioteca.csproj", "{F4C57844-6CA0-4285-9C91-8CC67D749177}"
EndProject
Global
	GlobalSection(SolutionConfigurationPlatforms) = preSolution
		Debug|Any CPU = Debug|Any CPU
		Release|Any CPU = Release|Any CPU
	EndGlobalSection
	GlobalSection(ProjectConfigurationPlatforms) = postSolution
		{F4C57844-6CA0-4285-9C91-8CC67D749177}.Debug|Any CPU.ActiveCfg = Debug|Any CPU
		{F4C57844-6CA0-4285-9C91-8CC67D749177}.Debug|Any CPU.Build.0 = Debug|Any CPU
		{F4C57844-6CA0-4285-9C91-8CC67D749177}.Release|Any CPU.ActiveCfg = Release|Any CPU
		{F4C57844-6CA0-4285-9C91-8CC67D749177}.Release|Any CPU.Build.0 = Release|Any CPU
	EndGlobalSection
	GlobalSection(SolutionProperties) = preSolution
		HideSolutionNode = FALSE
	EndGlobalSection
	GlobalSection(ExtensibilityGlobals) = postSolution
		SolutionGuid = {2A346B97-54CE-4BC3-BAAB-449F02DDF65C}
	EndGlobalSection
EndGlobal
